PODS:
  - file_picker (0.0.1):
    - Flutter
  - Flutter (1.0.0)
  - flutter_pty (0.0.1):
    - Flutter

DEPENDENCIES:
  - file_picker (from `.symlinks/plugins/file_picker/ios`)
  - Flutter (from `Flutter`)
  - flutter_pty (from `.symlinks/plugins/flutter_pty/ios`)

EXTERNAL SOURCES:
  file_picker:
    :path: ".symlinks/plugins/file_picker/ios"
  Flutter:
    :path: Flutter
  flutter_pty:
    :path: ".symlinks/plugins/flutter_pty/ios"

SPEC CHECKSUMS:
  file_picker: 8fc6fe5e42585a217d44d22f79ec046cb8d81140
  Flutter: e0871f40cf51350855a761d2e70bf5af5b9b5de7
  flutter_pty: 206742da6092b413cb683de17436c16d1f3c7997

PODFILE CHECKSUM: b64dbd72cd1c62608d3dba6b2a2a57aefcf5d022

COCOAPODS: 1.16.2
